{
  "originHash" : "574a5cfd94711533bb84639188c00b79a33d21b67972e9be8092f614bb0ce494",
  "pins" : [
    {
      "identity" : "ios-dfu-library",
      "kind" : "remoteSourceControl",
      "location" : "https://github.com/NordicSemiconductor/IOS-DFU-Library.git",
      "state" : {
        "revision" : "4773d7eed944684dfdd177a4a91af8a89ebbaac8",
        "version" : "4.16.0"
      }
    },
    {
      "identity" : "zipfoundation",
      "kind" : "remoteSourceControl",
      "location" : "https://github.com/weichsel/ZIPFoundation",
      "state" : {
        "revision" : "02b6abe5f6eef7e3cbd5f247c5cc24e246efcfe0",
        "version" : "0.9.19"
      }
    }
  ],
  "version" : 3
}
